
Microsoft Visual Studio Solution File, Format Version 11.00
# Visual Studio 2010
Project("{FAE04EC0-301F-11D3-BF4B-00C04F79EFBC}") = "ExploringUnity", "Assembly-CSharp.csproj", "{58DD0E00-BE44-43C7-8ED9-0777F3A1276F}"
EndProject
Project("{FAE04EC0-301F-11D3-BF4B-00C04F79EFBC}") = "ExploringUnity", "Assembly-CSharp-Editor.csproj", "{DCA992EA-CFC9-69F6-6FA3-895BAC50A5ED}"
EndProject
Global
	GlobalSection(SolutionConfigurationPlatforms) = preSolution
		Debug|Any CPU = Debug|Any CPU
		Release|Any CPU = Release|Any CPU
	EndGlobalSection
	GlobalSection(ProjectConfigurationPlatforms) = postSolution
		{58DD0E00-BE44-43C7-8ED9-0777F3A1276F}.Debug|Any CPU.ActiveCfg = Debug|Any CPU
		{58DD0E00-BE44-43C7-8ED9-0777F3A1276F}.Debug|Any CPU.Build.0 = Debug|Any CPU
		{58DD0E00-BE44-43C7-8ED9-0777F3A1276F}.Release|Any CPU.ActiveCfg = Release|Any CPU
		{58DD0E00-BE44-43C7-8ED9-0777F3A1276F}.Release|Any CPU.Build.0 = Release|Any CPU
		{DCA992EA-CFC9-69F6-6FA3-895BAC50A5ED}.Debug|Any CPU.ActiveCfg = Debug|Any CPU
		{DCA992EA-CFC9-69F6-6FA3-895BAC50A5ED}.Debug|Any CPU.Build.0 = Debug|Any CPU
		{DCA992EA-CFC9-69F6-6FA3-895BAC50A5ED}.Release|Any CPU.ActiveCfg = Release|Any CPU
		{DCA992EA-CFC9-69F6-6FA3-895BAC50A5ED}.Release|Any CPU.Build.0 = Release|Any CPU
	EndGlobalSection
	GlobalSection(SolutionProperties) = preSolution
		HideSolutionNode = FALSE
	EndGlobalSection
	GlobalSection(MonoDevelopProperties) = preSolution
		StartupItem = Assembly-CSharp.csproj
	EndGlobalSection
EndGlobal
