
Microsoft Visual Studio Solution File, Format Version 11.00
# Visual Studio 2010
Project("{FAE04EC0-301F-11D3-BF4B-00C04F79EFBC}") = "VuforiaTouch01", "Assembly-CSharp.csproj", "{55368CD1-2320-FC3A-5085-BDCD85617E1E}"
EndProject
Project("{FAE04EC0-301F-11D3-BF4B-00C04F79EFBC}") = "VuforiaTouch01", "Assembly-CSharp-Editor.csproj", "{42EF8BDA-27B9-5ED3-F99C-99C3612E24AA}"
EndProject
Global
	GlobalSection(SolutionConfigurationPlatforms) = preSolution
		Debug|Any CPU = Debug|Any CPU
		Release|Any CPU = Release|Any CPU
	EndGlobalSection
	GlobalSection(ProjectConfigurationPlatforms) = postSolution
		{55368CD1-2320-FC3A-5085-BDCD85617E1E}.Debug|Any CPU.ActiveCfg = Debug|Any CPU
		{55368CD1-2320-FC3A-5085-BDCD85617E1E}.Debug|Any CPU.Build.0 = Debug|Any CPU
		{55368CD1-2320-FC3A-5085-BDCD85617E1E}.Release|Any CPU.ActiveCfg = Release|Any CPU
		{55368CD1-2320-FC3A-5085-BDCD85617E1E}.Release|Any CPU.Build.0 = Release|Any CPU
		{42EF8BDA-27B9-5ED3-F99C-99C3612E24AA}.Debug|Any CPU.ActiveCfg = Debug|Any CPU
		{42EF8BDA-27B9-5ED3-F99C-99C3612E24AA}.Debug|Any CPU.Build.0 = Debug|Any CPU
		{42EF8BDA-27B9-5ED3-F99C-99C3612E24AA}.Release|Any CPU.ActiveCfg = Release|Any CPU
		{42EF8BDA-27B9-5ED3-F99C-99C3612E24AA}.Release|Any CPU.Build.0 = Release|Any CPU
	EndGlobalSection
	GlobalSection(SolutionProperties) = preSolution
		HideSolutionNode = FALSE
	EndGlobalSection
	GlobalSection(MonoDevelopProperties) = preSolution
		StartupItem = Assembly-CSharp.csproj
	EndGlobalSection
EndGlobal
