
Microsoft Visual Studio Solution File, Format Version 11.00
# Visual Studio 2010
Project("{FAE04EC0-301F-11D3-BF4B-00C04F79EFBC}") = "WhackAMole", "Assembly-CSharp.csproj", "{C799A636-9EED-24E7-894D-B87F80E859FF}"
EndProject
Project("{FAE04EC0-301F-11D3-BF4B-00C04F79EFBC}") = "WhackAMole", "Assembly-CSharp-Editor.csproj", "{0BC07A33-F4B5-9016-0746-62CE47071AA0}"
EndProject
Global
	GlobalSection(SolutionConfigurationPlatforms) = preSolution
		Debug|Any CPU = Debug|Any CPU
		Release|Any CPU = Release|Any CPU
	EndGlobalSection
	GlobalSection(ProjectConfigurationPlatforms) = postSolution
		{C799A636-9EED-24E7-894D-B87F80E859FF}.Debug|Any CPU.ActiveCfg = Debug|Any CPU
		{C799A636-9EED-24E7-894D-B87F80E859FF}.Debug|Any CPU.Build.0 = Debug|Any CPU
		{C799A636-9EED-24E7-894D-B87F80E859FF}.Release|Any CPU.ActiveCfg = Release|Any CPU
		{C799A636-9EED-24E7-894D-B87F80E859FF}.Release|Any CPU.Build.0 = Release|Any CPU
		{0BC07A33-F4B5-9016-0746-62CE47071AA0}.Debug|Any CPU.ActiveCfg = Debug|Any CPU
		{0BC07A33-F4B5-9016-0746-62CE47071AA0}.Debug|Any CPU.Build.0 = Debug|Any CPU
		{0BC07A33-F4B5-9016-0746-62CE47071AA0}.Release|Any CPU.ActiveCfg = Release|Any CPU
		{0BC07A33-F4B5-9016-0746-62CE47071AA0}.Release|Any CPU.Build.0 = Release|Any CPU
	EndGlobalSection
	GlobalSection(SolutionProperties) = preSolution
		HideSolutionNode = FALSE
	EndGlobalSection
	GlobalSection(MonoDevelopProperties) = preSolution
		StartupItem = Assembly-CSharp.csproj
	EndGlobalSection
EndGlobal
